
Microsoft Visual Studio Solution File, Format Version 12.00
# Visual Studio Version 16
VisualStudioVersion = 16.0.29728.190
MinimumVisualStudioVersion = 10.0.40219.1
Project("{FAE04EC0-301F-11D3-BF4B-00C04F79EFBC}") = "WorkplaceManager", "WorkplaceManager.csproj", "{7AF2B8D1-1BE4-440C-B7FC-9B43D1EF1DD2}"
EndProject
Global
	GlobalSection(SolutionConfigurationPlatforms) = preSolution
		Debug|Any CPU = Debug|Any CPU
		Release|Any CPU = Release|Any CPU
	EndGlobalSection
	GlobalSection(ProjectConfigurationPlatforms) = postSolution
		{7AF2B8D1-1BE4-440C-B7FC-9B43D1EF1DD2}.Debug|Any CPU.ActiveCfg = Debug|Any CPU
		{7AF2B8D1-1BE4-440C-B7FC-9B43D1EF1DD2}.Debug|Any CPU.Build.0 = Debug|Any CPU
		{7AF2B8D1-1BE4-440C-B7FC-9B43D1EF1DD2}.Release|Any CPU.ActiveCfg = Release|Any CPU
		{7AF2B8D1-1BE4-440C-B7FC-9B43D1EF1DD2}.Release|Any CPU.Build.0 = Release|Any CPU
	EndGlobalSection
	GlobalSection(SolutionProperties) = preSolution
		HideSolutionNode = FALSE
	EndGlobalSection
	GlobalSection(ExtensibilityGlobals) = postSolution
		SolutionGuid = {95553138-6135-4B88-A873-026E77E6210D}
	EndGlobalSection
EndGlobal
